// !$*UTF8*$!
{
	archiveVersion = 1;
	classes = {
	};
	objectVersion = 46;
	objects = {

/* Begin PBXBuildFile section */
		8CBCFEA71E18DE4A0003FD07 /* AppDelegate.swift in Sources */ = {isa = PBXBuildFile; fileRef = 8CBCFEA61E18DE4A0003FD07 /* AppDelegate.swift */; };
		8CBCFEA91E18DE4A0003FD07 /* ViewController.swift in Sources */ = {isa = PBXBuildFile; fileRef = 8CBCFEA81E18DE4A0003FD07 /* ViewController.swift */; };
		8CBCFEAC1E18DE4A0003FD07 /* Main.storyboard in Resources */ = {isa = PBXBuildFile; fileRef = 8CBCFEAA1E18DE4A0003FD07 /* Main.storyboard */; };
		8CBCFEAE1E18DE4A0003FD07 /* Assets.xcassets in Resources */ = {isa = PBXBuildFile; fileRef = 8CBCFEAD1E18DE4A0003FD07 /* Assets.xcassets */; };
		8CBCFEB11E18DE4A0003FD07 /* LaunchScreen.storyboard in Resources */ = {isa = PBXBuildFile; fileRef = 8CBCFEAF1E18DE4A0003FD07 /* LaunchScreen.storyboard */; };
/* End PBXBuildFile section */

/* Begin PBXFileReference section */
		8CBCFEA31E18DE4A0003FD07 /* TuViNo1.app */ = {isa = PBXFileReference; explicitFileType = wrapper.application; includeInIndex = 0; path = TuViNo1.app; sourceTree = BUILT_PRODUCTS_DIR; };
		8CBCFEA61E18DE4A0003FD07 /* AppDelegate.swift */ = {isa = PBXFileReference; lastKnownFileType = sourcecode.swift; path = AppDelegate.swift; sourceTree = "<group>"; };
		8CBCFEA81E18DE4A0003FD07 /* ViewController.swift */ = {isa = PBXFileReference; lastKnownFileType = sourcecode.swift; path = ViewController.swift; sourceTree = "<group>"; };
		8CBCFEAB1E18DE4A0003FD07 /* Base */ = {isa = PBXFileReference; lastKnownFileType = file.storyboard; name = Base; path = Base.lproj/Main.storyboard; sourceTree = "<group>"; };
		8CBCFEAD1E18DE4A0003FD07 /* Assets.xcassets */ = {isa = PBXFileReference; lastKnownFileType = folder.assetcatalog; path = Assets.xcassets; sourceTree = "<group>"; };
		8CBCFEB01E18DE4A0003FD07 /* Base */ = {isa = PBXFileReference; lastKnownFileType = file.storyboard; name = Base; path = Base.lproj/LaunchScreen.storyboard; sourceTree = "<group>"; };
		8CBCFEB21E18DE4A0003FD07 /* Info.plist */ = {isa = PBXFileReference; lastKnownFileType = text.plist.xml; path = Info.plist; sourceTree = "<group>"; };
/* End PBXFileReference section */

/* Begin PBXFrameworksBuildPhase section */
		8CBCFEA01E18DE4A0003FD07 /* Frameworks */ = {
			isa = PBXFrameworksBuildPhase;
			buildActionMask = 2147483647;
			files = (
			);
			runOnlyForDeploymentPostprocessing = 0;
		};
/* End PBXFrameworksBuildPhase section */

/* Begin PBXGroup section */
		8CBCFE9A1E18DE4A0003FD07 = {
			isa = PBXGroup;
			children = (
				8CBCFEA51E18DE4A0003FD07 /* TuViNo1 */,
				8CBCFEA41E18DE4A0003FD07 /* Products */,
			);
			sourceTree = "<group>";
		};
		8CBCFEA41E18DE4A0003FD07 /* Products */ = {
			isa = PBXGroup;
			children = (
				8CBCFEA31E18DE4A0003FD07 /* TuViNo1.app */,
			);
			name = Products;
			sourceTree = "<group>";
		};
		8CBCFEA51E18DE4A0003FD07 /* TuViNo1 */ = {
			isa = PBXGroup;
			children = (
				8CBCFEA61E18DE4A0003FD07 /* AppDelegate.swift */,
				8CBCFEA81E18DE4A0003FD07 /* ViewController.swift */,
				8CBCFEAA1E18DE4A0003FD07 /* Main.storyboard */,
				8CBCFEAD1E18DE4A0003FD07 /* Assets.xcassets */,
				8CBCFEAF1E18DE4A0003FD07 /* LaunchScreen.storyboard */,
				8CBCFEB21E18DE4A0003FD07 /* Info.plist */,
			);
			path = TuViNo1;
			sourceTree = "<group>";
		};
/* End PBXGroup section */

/* Begin PBXNativeTarget section */
		8CBCFEA21E18DE4A0003FD07 /* TuViNo1 */ = {
			isa = PBXNativeTarget;
			buildConfigurationList = 8CBCFEB51E18DE4A0003FD07 /* Build configuration list for PBXNativeTarget "TuViNo1" */;
			buildPhases = (
				8CBCFE9F1E18DE4A0003FD07 /* Sources */,
				8CBCFEA01E18DE4A0003FD07 /* Frameworks */,
				8CBCFEA11E18DE4A0003FD07 /* Resources */,
			);
			buildRules = (
			);
			dependencies = (
			);
			name = TuViNo1;
			productName = TuViNo1;
			productReference = 8CBCFEA31E18DE4A0003FD07 /* TuViNo1.app */;
			productType = "com.apple.product-type.application";
		};
/* End PBXNativeTarget section */

/* Begin PBXProject section */
		8CBCFE9B1E18DE4A0003FD07 /* Project object */ = {
			isa = PBXProject;
			attributes = {
				LastSwiftUpdateCheck = 0820;
				LastUpgradeCheck = 0820;
				ORGANIZATIONNAME = TienBM;
				TargetAttributes = {
					8CBCFEA21E18DE4A0003FD07 = {
						CreatedOnToolsVersion = 8.2.1;
						ProvisioningStyle = Automatic;
					};
				};
			};
			buildConfigurationList = 8CBCFE9E1E18DE4A0003FD07 /* Build configuration list for PBXProject "TuViNo1" */;
			compatibilityVersion = "Xcode 3.2";
			developmentRegion = English;
			hasScannedForEncodings = 0;
			knownRegions = (
				en,
				Base,
			);
			mainGroup = 8CBCFE9A1E18DE4A0003FD07;
			productRefGroup = 8CBCFEA41E18DE4A0003FD07 /* Products */;
			projectDirPath = "";
			projectRoot = "";
			targets = (
				8CBCFEA21E18DE4A0003FD07 /* TuViNo1 */,
			);
		};
/* End PBXProject section */

/* Begin PBXResourcesBuildPhase section */
		8CBCFEA11E18DE4A0003FD07 /* Resources */ = {
			isa = PBXResourcesBuildPhase;
			buildActionMask = 2147483647;
			files = (
				8CBCFEB11E18DE4A0003FD07 /* LaunchScreen.storyboard in Resources */,
				8CBCFEAE1E18DE4A0003FD07 /* Assets.xcassets in Resources */,
				8CBCFEAC1E18DE4A0003FD07 /* Main.storyboard in Resources */,
			);
			runOnlyForDeploymentPostprocessing = 0;
		};
/* End PBXResourcesBuildPhase section */

/* Begin PBXSourcesBuildPhase section */
		8CBCFE9F1E18DE4A0003FD07 /* Sources */ = {
			isa = PBXSourcesBuildPhase;
			buildActionMask = 2147483647;
			files = (
				8CBCFEA91E18DE4A0003FD07 /* ViewController.swift in Sources */,
				8CBCFEA71E18DE4A0003FD07 /* AppDelegate.swift in Sources */,
			);
			runOnlyForDeploymentPostprocessing = 0;
		};
/* End PBXSourcesBuildPhase section */

/* Begin PBXVariantGroup section */
		8CBCFEAA1E18DE4A0003FD07 /* Main.storyboard */ = {
			isa = PBXVariantGroup;
			children = (
				8CBCFEAB1E18DE4A0003FD07 /* Base */,
			);
			name = Main.storyboard;
			sourceTree = "<group>";
		};
		8CBCFEAF1E18DE4A0003FD07 /* LaunchScreen.storyboard */ = {
			isa = PBXVariantGroup;
			children = (
				8CBCFEB01E18DE4A0003FD07 /* Base */,
			);
			name = LaunchScreen.storyboard;
			sourceTree = "<group>";
		};
/* End PBXVariantGroup section */

/* Begin XCBuildConfiguration section */
		8CBCFEB31E18DE4A0003FD07 /* Debug */ = {
			isa = XCBuildConfiguration;
			buildSettings = {
				ALWAYS_SEARCH_USER_PATHS = NO;
				CLANG_ANALYZER_NONNULL = YES;
				CLANG_CXX_LANGUAGE_STANDARD = "gnu++0x";
				CLANG_CXX_LIBRARY = "libc++";
				CLANG_ENABLE_MODULES = YES;
				CLANG_ENABLE_OBJC_ARC = YES;
				CLANG_WARN_BOOL_CONVERSION = YES;
				CLANG_WARN_CONSTANT_CONVERSION = YES;
				CLANG_WARN_DIRECT_OBJC_ISA_USAGE = YES_ERROR;
				CLANG_WARN_DOCUMENTATION_COMMENTS = YES;
				CLANG_WARN_EMPTY_BODY = YES;
				CLANG_WARN_ENUM_CONVERSION = YES;
				CLANG_WARN_INFINITE_RECURSION = YES;
				CLANG_WARN_INT_CONVERSION = YES;
				CLANG_WARN_OBJC_ROOT_CLASS = YES_ERROR;
				CLANG_WARN_SUSPICIOUS_MOVE = YES;
				CLANG_WARN_UNREACHABLE_CODE = YES;
				CLANG_WARN__DUPLICATE_METHOD_MATCH = YES;
				"CODE_SIGN_IDENTITY[sdk=iphoneos*]" = "iPhone Developer";
				COPY_PHASE_STRIP = NO;
				DEBUG_INFORMATION_FORMAT = dwarf;
				ENABLE_STRICT_OBJC_MSGSEND = YES;
				ENABLE_TESTABILITY = YES;
				GCC_C_LANGUAGE_STANDARD = gnu99;
				GCC_DYNAMIC_NO_PIC = NO;
				GCC_NO_COMMON_BLOCKS = YES;
				GCC_OPTIMIZATION_LEVEL = 0;
				GCC_PREPROCESSOR_DEFINITIONS = (
					"DEBUG=1",
					"$(inherited)",
				);
				GCC_WARN_64_TO_32_BIT_CONVERSION = YES;
				GCC_WARN_ABOUT_RETURN_TYPE = YES_ERROR;
				GCC_WARN_UNDECLARED_SELECTOR = YES;
				GCC_WARN_UNINITIALIZED_AUTOS = YES_AGGRESSIVE;
				GCC_WARN_UNUSED_FUNCTION = YES;
				GCC_WARN_UNUSED_VARIABLE = YES;
				IPHONEOS_DEPLOYMENT_TARGET = 10.2;
				MTL_ENABLE_DEBUG_INFO = YES;
				ONLY_ACTIVE_ARCH = YES;
				SDKROOT = iphoneos;
				SWIFT_ACTIVE_COMPILATION_CONDITIONS = DEBUG;
				SWIFT_OPTIMIZATION_LEVEL = "-Onone";
				TARGETED_DEVICE_FAMILY = "1,2";
			};
			name = Debug;
		};
		8CBCFEB41E18DE4A0003FD07 /* Release */ = {
			isa = XCBuildConfiguration;
			buildSettings = {
				ALWAYS_SEARCH_USER_PATHS = NO;
				CLANG_ANALYZER_NONNULL = YES;
				CLANG_CXX_LANGUAGE_STANDARD = "gnu++0x";
				CLANG_CXX_LIBRARY = "libc++";
				CLANG_ENABLE_MODULES = YES;
				CLANG_ENABLE_OBJC_ARC = YES;
				CLANG_WARN_BOOL_CONVERSION = YES;
				CLANG_WARN_CONSTANT_CONVERSION = YES;
				CLANG_WARN_DIRECT_OBJC_ISA_USAGE = YES_ERROR;
				CLANG_WARN_DOCUMENTATION_COMMENTS = YES;
				CLANG_WARN_EMPTY_BODY = YES;
				CLANG_WARN_ENUM_CONVERSION = YES;
				CLANG_WARN_INFINITE_RECURSION = YES;
				CLANG_WARN_INT_CONVERSION = YES;
				CLANG_WARN_OBJC_ROOT_CLASS = YES_ERROR;
				CLANG_WARN_SUSPICIOUS_MOVE = YES;
				CLANG_WARN_UNREACHABLE_CODE = YES;
				CLANG_WARN__DUPLICATE_METHOD_MATCH = YES;
				"CODE_SIGN_IDENTITY[sdk=iphoneos*]" = "iPhone Developer";
				COPY_PHASE_STRIP = NO;
				DEBUG_INFORMATION_FORMAT = "dwarf-with-dsym";
				ENABLE_NS_ASSERTIONS = NO;
				ENABLE_STRICT_OBJC_MSGSEND = YES;
				GCC_C_LANGUAGE_STANDARD = gnu99;
				GCC_NO_COMMON_BLOCKS = YES;
				GCC_WARN_64_TO_32_BIT_CONVERSION = YES;
				GCC_WARN_ABOUT_RETURN_TYPE = YES_ERROR;
				GCC_WARN_UNDECLARED_SELECTOR = YES;
				GCC_WARN_UNINITIALIZED_AUTOS = YES_AGGRESSIVE;
				GCC_WARN_UNUSED_FUNCTION = YES;
				GCC_WARN_UNUSED_VARIABLE = YES;
				IPHONEOS_DEPLOYMENT_TARGET = 10.2;
				MTL_ENABLE_DEBUG_INFO = NO;
				SDKROOT = iphoneos;
				SWIFT_OPTIMIZATION_LEVEL = "-Owholemodule";
				TARGETED_DEVICE_FAMILY = "1,2";
				VALIDATE_PRODUCT = YES;
			};
			name = Release;
		};
		8CBCFEB61E18DE4A0003FD07 /* Debug */ = {
			isa = XCBuildConfiguration;
			buildSettings = {
				ASSETCATALOG_COMPILER_APPICON_NAME = AppIcon;
				INFOPLIST_FILE = TuViNo1/Info.plist;
				LD_RUNPATH_SEARCH_PATHS = "$(inherited) @executable_path/Frameworks";
				PRODUCT_BUNDLE_IDENTIFIER = TienBM.com.dm.TuViNo1;
				PRODUCT_NAME = "$(TARGET_NAME)";
				SWIFT_VERSION = 3.0;
			};
			name = Debug;
		};
		8CBCFEB71E18DE4A0003FD07 /* Release */ = {
			isa = XCBuildConfiguration;
			buildSettings = {
				ASSETCATALOG_COMPILER_APPICON_NAME = AppIcon;
				INFOPLIST_FILE = TuViNo1/Info.plist;
				LD_RUNPATH_SEARCH_PATHS = "$(inherited) @executable_path/Frameworks";
				PRODUCT_BUNDLE_IDENTIFIER = TienBM.com.dm.TuViNo1;
				PRODUCT_NAME = "$(TARGET_NAME)";
				SWIFT_VERSION = 3.0;
			};
			name = Release;
		};
/* End XCBuildConfiguration section */

/* Begin XCConfigurationList section */
		8CBCFE9E1E18DE4A0003FD07 /* Build configuration list for PBXProject "TuViNo1" */ = {
			isa = XCConfigurationList;
			buildConfigurations = (
				8CBCFEB31E18DE4A0003FD07 /* Debug */,
				8CBCFEB41E18DE4A0003FD07 /* Release */,
			);
			defaultConfigurationIsVisible = 0;
			defaultConfigurationName = Release;
		};
		8CBCFEB51E18DE4A0003FD07 /* Build configuration list for PBXNativeTarget "TuViNo1" */ = {
			isa = XCConfigurationList;
			buildConfigurations = (
				8CBCFEB61E18DE4A0003FD07 /* Debug */,
				8CBCFEB71E18DE4A0003FD07 /* Release */,
			);
			defaultConfigurationIsVisible = 0;
		};
/* End XCConfigurationList section */
	};
	rootObject = 8CBCFE9B1E18DE4A0003FD07 /* Project object */;
}
